
Microsoft Visual Studio Solution File, Format Version 12.00
# Visual Studio Version 16
VisualStudioVersion = 16.0.31624.102
MinimumVisualStudioVersion = 10.0.40219.1
Project("{FAE04EC0-301F-11D3-BF4B-00C04F79EFBC}") = "WebAppDemo", "WebAppDemo\WebAppDemo.csproj", "{553790B5-A85E-46DE-9C9C-AD524AE30379}"
EndProject
Global
	GlobalSection(SolutionConfigurationPlatforms) = preSolution
		Debug|Any CPU = Debug|Any CPU
		Release|Any CPU = Release|Any CPU
	EndGlobalSection
	GlobalSection(ProjectConfigurationPlatforms) = postSolution
		{553790B5-A85E-46DE-9C9C-AD524AE30379}.Debug|Any CPU.ActiveCfg = Debug|Any CPU
		{553790B5-A85E-46DE-9C9C-AD524AE30379}.Debug|Any CPU.Build.0 = Debug|Any CPU
		{553790B5-A85E-46DE-9C9C-AD524AE30379}.Release|Any CPU.ActiveCfg = Release|Any CPU
		{553790B5-A85E-46DE-9C9C-AD524AE30379}.Release|Any CPU.Build.0 = Release|Any CPU
	EndGlobalSection
	GlobalSection(SolutionProperties) = preSolution
		HideSolutionNode = FALSE
	EndGlobalSection
	GlobalSection(ExtensibilityGlobals) = postSolution
		SolutionGuid = {027E3BCB-031D-4AF1-AA18-6C566368C6C2}
	EndGlobalSection
EndGlobal
